{
  "version": 4,
  "terraform_version": "1.5.7",
  "serial": 225,
  "lineage": "1eed4796-a544-09b6-3ce6-71d2cb5620e7",
  "outputs": {
    "firewall_rules": {
      "value": {
        "allow-monitoring": {
          "allow": [
            {
              "ports": [
                "9090",
                "3000"
              ],
              "protocol": "tcp"
            }
          ],
          "deny": [],
          "direction": "INGRESS",
          "id": "projects/1097684345446/global/firewalls/dev-fresh-84-vpc-allow-monitoring",
          "name": "dev-fresh-84-vpc-allow-monitoring",
          "priority": 950,
          "self_link": "https://www.googleapis.com/compute/v1/projects/fresh-84/global/firewalls/dev-fresh-84-vpc-allow-monitoring",
          "source_ranges": [
            "10.0.5.0/24"
          ],
          "target_tags": [
            "monitored"
          ]
        },
        "app": {
          "allow": [
            {
              "ports": [
                "8080",
                "9090"
              ],
              "protocol": "tcp"
            }
          ],
          "deny": [],
          "direction": "INGRESS",
          "id": "projects/1097684345446/global/firewalls/dev-fresh-84-vpc-app",
          "name": "dev-fresh-84-vpc-app",
          "priority": 1000,
          "self_link": "https://www.googleapis.com/compute/v1/projects/fresh-84/global/firewalls/dev-fresh-84-vpc-app",
          "source_ranges": null,
          "target_tags": [
            "app-tier"
          ]
        },
        "bastion": {
          "allow": [
            {
              "ports": [
                "22"
              ],
              "protocol": "tcp"
            }
          ],
          "deny": [],
          "direction": "INGRESS",
          "id": "projects/1097684345446/global/firewalls/dev-fresh-84-vpc-bastion",
          "name": "dev-fresh-84-vpc-bastion",
          "priority": 1000,
          "self_link": "https://www.googleapis.com/compute/v1/projects/fresh-84/global/firewalls/dev-fresh-84-vpc-bastion",
          "source_ranges": [
            "203.0.113.10/32"
          ],
          "target_tags": [
            "bastion"
          ]
        },
        "database": {
          "allow": [
            {
              "ports": [
                "5432",
                "6379"
              ],
              "protocol": "tcp"
            }
          ],
          "deny": [],
          "direction": "INGRESS",
          "id": "projects/1097684345446/global/firewalls/dev-fresh-84-vpc-database",
          "name": "dev-fresh-84-vpc-database",
          "priority": 1000,
          "self_link": "https://www.googleapis.com/compute/v1/projects/fresh-84/global/firewalls/dev-fresh-84-vpc-database",
          "source_ranges": null,
          "target_tags": [
            "db-tier"
          ]
        },
        "iap": {
          "allow": [
            {
              "ports": [
                "22",
                "3389"
              ],
              "protocol": "tcp"
            }
          ],
          "deny": [],
          "direction": "INGRESS",
          "id": "projects/1097684345446/global/firewalls/dev-fresh-84-vpc-iap",
          "name": "dev-fresh-84-vpc-iap",
          "priority": 900,
          "self_link": "https://www.googleapis.com/compute/v1/projects/fresh-84/global/firewalls/dev-fresh-84-vpc-iap",
          "source_ranges": [
            "35.235.240.0/20"
          ],
          "target_tags": [
            "iap-enabled"
          ]
        },
        "internal": {
          "allow": [
            {
              "ports": [],
              "protocol": "icmp"
            },
            {
              "ports": [],
              "protocol": "tcp"
            },
            {
              "ports": [],
              "protocol": "udp"
            }
          ],
          "deny": [],
          "direction": "INGRESS",
          "id": "projects/1097684345446/global/firewalls/dev-fresh-84-vpc-internal",
          "name": "dev-fresh-84-vpc-internal",
          "priority": 1000,
          "self_link": "https://www.googleapis.com/compute/v1/projects/fresh-84/global/firewalls/dev-fresh-84-vpc-internal",
          "source_ranges": [
            "10.0.0.0/16"
          ],
          "target_tags": null
        },
        "web": {
          "allow": [
            {
              "ports": [
                "80",
                "443"
              ],
              "protocol": "tcp"
            }
          ],
          "deny": [],
          "direction": "INGRESS",
          "id": "projects/1097684345446/global/firewalls/dev-fresh-84-vpc-web",
          "name": "dev-fresh-84-vpc-web",
          "priority": 1000,
          "self_link": "https://www.googleapis.com/compute/v1/projects/fresh-84/global/firewalls/dev-fresh-84-vpc-web",
          "source_ranges": [
            "198.51.100.0/24",
            "203.0.113.0/24"
          ],
          "target_tags": [
            "web-tier"
          ]
        }
      },
      "type": [
        "object",
        {
          "allow-monitoring": [
            "object",
            {
              "allow": [
                "tuple",
                [
                  [
                    "object",
                    {
                      "ports": [
                        "list",
                        "string"
                      ],
                      "protocol": "string"
                    }
                  ]
                ]
              ],
              "deny": [
                "tuple",
                []
              ],
              "direction": "string",
              "id": "string",
              "name": "string",
              "priority": "number",
              "self_link": "string",
              "source_ranges": [
                "set",
                "string"
              ],
              "target_tags": [
                "set",
                "string"
              ]
            }
          ],
          "app": [
            "object",
            {
              "allow": [
                "tuple",
                [
                  [
                    "object",
                    {
                      "ports": [
                        "list",
                        "string"
                      ],
                      "protocol": "string"
                    }
                  ]
                ]
              ],
              "deny": [
                "tuple",
                []
              ],
              "direction": "string",
              "id": "string",
              "name": "string",
              "priority": "number",
              "self_link": "string",
              "source_ranges": [
                "set",
                "string"
              ],
              "target_tags": [
                "set",
                "string"
              ]
            }
          ],
          "bastion": [
            "object",
            {
              "allow": [
                "tuple",
                [
                  [
                    "object",
                    {
                      "ports": [
                        "list",
                        "string"
                      ],
                      "protocol": "string"
                    }
                  ]
                ]
              ],
              "deny": [
                "tuple",
                []
              ],
              "direction": "string",
              "id": "string",
              "name": "string",
              "priority": "number",
              "self_link": "string",
              "source_ranges": [
                "set",
                "string"
              ],
              "target_tags": [
                "set",
                "string"
              ]
            }
          ],
          "database": [
            "object",
            {
              "allow": [
                "tuple",
                [
                  [
                    "object",
                    {
                      "ports": [
                        "list",
                        "string"
                      ],
                      "protocol": "string"
                    }
                  ]
                ]
              ],
              "deny": [
                "tuple",
                []
              ],
              "direction": "string",
              "id": "string",
              "name": "string",
              "priority": "number",
              "self_link": "string",
              "source_ranges": [
                "set",
                "string"
              ],
              "target_tags": [
                "set",
                "string"
              ]
            }
          ],
          "iap": [
            "object",
            {
              "allow": [
                "tuple",
                [
                  [
                    "object",
                    {
                      "ports": [
                        "list",
                        "string"
                      ],
                      "protocol": "string"
                    }
                  ]
                ]
              ],
              "deny": [
                "tuple",
                []
              ],
              "direction": "string",
              "id": "string",
              "name": "string",
              "priority": "number",
              "self_link": "string",
              "source_ranges": [
                "set",
                "string"
              ],
              "target_tags": [
                "set",
                "string"
              ]
            }
          ],
          "internal": [
            "object",
            {
              "allow": [
                "tuple",
                [
                  [
                    "object",
                    {
                      "ports": [
                        "list",
                        "string"
                      ],
                      "protocol": "string"
                    }
                  ],
                  [
                    "object",
                    {
                      "ports": [
                        "list",
                        "string"
                      ],
                      "protocol": "string"
                    }
                  ],
                  [
                    "object",
                    {
                      "ports": [
                        "list",
                        "string"
                      ],
                      "protocol": "string"
                    }
                  ]
                ]
              ],
              "deny": [
                "tuple",
                []
              ],
              "direction": "string",
              "id": "string",
              "name": "string",
              "priority": "number",
              "self_link": "string",
              "source_ranges": [
                "set",
                "string"
              ],
              "target_tags": [
                "set",
                "string"
              ]
            }
          ],
          "web": [
            "object",
            {
              "allow": [
                "tuple",
                [
                  [
                    "object",
                    {
                      "ports": [
                        "list",
                        "string"
                      ],
                      "protocol": "string"
                    }
                  ]
                ]
              ],
              "deny": [
                "tuple",
                []
              ],
              "direction": "string",
              "id": "string",
              "name": "string",
              "priority": "number",
              "self_link": "string",
              "source_ranges": [
                "set",
                "string"
              ],
              "target_tags": [
                "set",
                "string"
              ]
            }
          ]
        }
      ]
    },
    "nat": {
      "value": {
        "us-central1": {
          "nat_ips": null,
          "nat_name": "dev-fresh-84-nat-us-central1",
          "router_name": "dev-fresh-84-router-us-central1"
        },
        "us-east1": {
          "nat_ips": null,
          "nat_name": "dev-fresh-84-nat-us-east1",
          "router_name": "dev-fresh-84-router-us-east1"
        }
      },
      "type": [
        "object",
        {
          "us-central1": [
            "object",
            {
              "nat_ips": [
                "set",
                "string"
              ],
              "nat_name": "string",
              "router_name": "string"
            }
          ],
          "us-east1": [
            "object",
            {
              "nat_ips": [
                "set",
                "string"
              ],
              "nat_name": "string",
              "router_name": "string"
            }
          ]
        }
      ]
    },
    "nat_regions": {
      "value": [
        "us-central1",
        "us-east1"
      ],
      "type": [
        "tuple",
        [
          "string",
          "string"
        ]
      ]
    },
    "security_summary": {
      "value": {
        "deny_all_rules_enabled": true,
        "flow_logs_enabled": true,
        "nat_enabled": true,
        "nat_regions": [
          "us-central1",
          "us-east1"
        ],
        "private_service_access": true
      },
      "type": [
        "object",
        {
          "deny_all_rules_enabled": "bool",
          "flow_logs_enabled": "bool",
          "nat_enabled": "bool",
          "nat_regions": [
            "list",
            "string"
          ],
          "private_service_access": "bool"
        }
      ]
    },
    "subnet_ids": {
      "value": [
        "projects/1097684345446/regions/us-east1/subnetworks/dev-fresh-84-subnet-api-us-east1",
        "projects/1097684345446/regions/europe-west1/subnetworks/dev-fresh-84-subnet-cache-europe-west1",
        "projects/1097684345446/regions/us-central1/subnetworks/dev-fresh-84-subnet-db-us-central1",
        "projects/1097684345446/regions/us-east1/subnetworks/dev-fresh-84-subnet-mgmt-us-east1",
        "projects/1097684345446/regions/us-central1/subnetworks/dev-fresh-84-subnet-web-us-central1"
      ],
      "type": [
        "tuple",
        [
          "string",
          "string",
          "string",
          "string",
          "string"
        ]
      ]
    },
    "subnet_regions": {
      "value": {
        "api-us-east1": "us-east1",
        "cache-europe-west1": "europe-west1",
        "db-us-central1": "us-central1",
        "mgmt-us-east1": "us-east1",
        "web-us-central1": "us-central1"
      },
      "type": [
        "object",
        {
          "api-us-east1": "string",
          "cache-europe-west1": "string",
          "db-us-central1": "string",
          "mgmt-us-east1": "string",
          "web-us-central1": "string"
        }
      ]
    },
    "subnets": {
      "value": {
        "api-us-east1": {
          "gateway_address": "10.0.1.1",
          "id": "projects/1097684345446/regions/us-east1/subnetworks/dev-fresh-84-subnet-api-us-east1",
          "ip_cidr_range": "10.0.1.0/24",
          "name": "dev-fresh-84-subnet-api-us-east1",
          "private_ip_google_access": false,
          "purpose": "API_SERVERS",
          "region": "us-east1",
          "secondary_ip_ranges": {},
          "self_link": "https://www.googleapis.com/compute/v1/projects/fresh-84/regions/us-east1/subnetworks/dev-fresh-84-subnet-api-us-east1"
        },
        "cache-europe-west1": {
          "gateway_address": "10.0.2.1",
          "id": "projects/1097684345446/regions/europe-west1/subnetworks/dev-fresh-84-subnet-cache-europe-west1",
          "ip_cidr_range": "10.0.2.0/24",
          "name": "dev-fresh-84-subnet-cache-europe-west1",
          "private_ip_google_access": true,
          "purpose": "REDIS_CLUSTER",
          "region": "europe-west1",
          "secondary_ip_ranges": {},
          "self_link": "https://www.googleapis.com/compute/v1/projects/fresh-84/regions/europe-west1/subnetworks/dev-fresh-84-subnet-cache-europe-west1"
        },
        "db-us-central1": {
          "gateway_address": "10.0.3.1",
          "id": "projects/1097684345446/regions/us-central1/subnetworks/dev-fresh-84-subnet-db-us-central1",
          "ip_cidr_range": "10.0.3.0/24",
          "name": "dev-fresh-84-subnet-db-us-central1",
          "private_ip_google_access": true,
          "purpose": "CLOUD_SQL",
          "region": "us-central1",
          "secondary_ip_ranges": {},
          "self_link": "https://www.googleapis.com/compute/v1/projects/fresh-84/regions/us-central1/subnetworks/dev-fresh-84-subnet-db-us-central1"
        },
        "mgmt-us-east1": {
          "gateway_address": "10.0.4.1",
          "id": "projects/1097684345446/regions/us-east1/subnetworks/dev-fresh-84-subnet-mgmt-us-east1",
          "ip_cidr_range": "10.0.4.0/24",
          "name": "dev-fresh-84-subnet-mgmt-us-east1",
          "private_ip_google_access": false,
          "purpose": "BASTION",
          "region": "us-east1",
          "secondary_ip_ranges": {},
          "self_link": "https://www.googleapis.com/compute/v1/projects/fresh-84/regions/us-east1/subnetworks/dev-fresh-84-subnet-mgmt-us-east1"
        },
        "web-us-central1": {
          "gateway_address": "10.0.0.1",
          "id": "projects/1097684345446/regions/us-central1/subnetworks/dev-fresh-84-subnet-web-us-central1",
          "ip_cidr_range": "10.0.0.0/24",
          "name": "dev-fresh-84-subnet-web-us-central1",
          "private_ip_google_access": false,
          "purpose": "WEB_SERVERS",
          "region": "us-central1",
          "secondary_ip_ranges": {},
          "self_link": "https://www.googleapis.com/compute/v1/projects/fresh-84/regions/us-central1/subnetworks/dev-fresh-84-subnet-web-us-central1"
        }
      },
      "type": [
        "object",
        {
          "api-us-east1": [
            "object",
            {
              "gateway_address": "string",
              "id": "string",
              "ip_cidr_range": "string",
              "name": "string",
              "private_ip_google_access": "bool",
              "purpose": "string",
              "region": "string",
              "secondary_ip_ranges": [
                "object",
                {}
              ],
              "self_link": "string"
            }
          ],
          "cache-europe-west1": [
            "object",
            {
              "gateway_address": "string",
              "id": "string",
              "ip_cidr_range": "string",
              "name": "string",
              "private_ip_google_access": "bool",
              "purpose": "string",
              "region": "string",
              "secondary_ip_ranges": [
                "object",
                {}
              ],
              "self_link": "string"
            }
          ],
          "db-us-central1": [
            "object",
            {
              "gateway_address": "string",
              "id": "string",
              "ip_cidr_range": "string",
              "name": "string",
              "private_ip_google_access": "bool",
              "purpose": "string",
              "region": "string",
              "secondary_ip_ranges": [
                "object",
                {}
              ],
              "self_link": "string"
            }
          ],
          "mgmt-us-east1": [
            "object",
            {
              "gateway_address": "string",
              "id": "string",
              "ip_cidr_range": "string",
              "name": "string",
              "private_ip_google_access": "bool",
              "purpose": "string",
              "region": "string",
              "secondary_ip_ranges": [
                "object",
                {}
              ],
              "self_link": "string"
            }
          ],
          "web-us-central1": [
            "object",
            {
              "gateway_address": "string",
              "id": "string",
              "ip_cidr_range": "string",
              "name": "string",
              "private_ip_google_access": "bool",
              "purpose": "string",
              "region": "string",
              "secondary_ip_ranges": [
                "object",
                {}
              ],
              "self_link": "string"
            }
          ]
        }
      ]
    },
    "vpc": {
      "value": {
        "cidr": "10.0.0.0/16",
        "id": "projects/1097684345446/global/networks/dev-fresh-84-vpc",
        "name": "dev-fresh-84-vpc",
        "self_link": "https://www.googleapis.com/compute/v1/projects/fresh-84/global/networks/dev-fresh-84-vpc"
      },
      "type": [
        "object",
        {
          "cidr": "string",
          "id": "string",
          "name": "string",
          "self_link": "string"
        }
      ]
    }
  },
  "resources": [
    {
      "module": "module.cloud_nat[\"us-central1\"]",
      "mode": "managed",
      "type": "google_compute_router",
      "name": "router",
      "provider": "provider[\"registry.terraform.io/hashicorp/google\"]",
      "instances": [
        {
          "schema_version": 0,
          "attributes": {
            "bgp": [
              {
                "advertise_mode": "DEFAULT",
                "advertised_groups": null,
                "advertised_ip_ranges": [],
                "asn": 64514,
                "identifier_range": "",
                "keepalive_interval": 20
              }
            ],
            "creation_timestamp": "2026-03-25T21:07:16.231-07:00",
            "description": "",
            "encrypted_interconnect_router": false,
            "id": "projects/1097684345446/regions/us-central1/routers/dev-fresh-84-router-us-central1",
            "name": "dev-fresh-84-router-us-central1",
            "network": "https://www.googleapis.com/compute/v1/projects/fresh-84/global/networks/dev-fresh-84-vpc",
            "project": "1097684345446",
            "region": "us-central1",
            "self_link": "https://www.googleapis.com/compute/v1/projects/fresh-84/regions/us-central1/routers/dev-fresh-84-router-us-central1",
            "timeouts": null
          },
          "sensitive_attributes": [],
          "private": "eyJlMmJmYjczMC1lY2FhLTExZTYtOGY4OC0zNDM2M2JjN2M0YzAiOnsiY3JlYXRlIjoxMjAwMDAwMDAwMDAwLCJkZWxldGUiOjEyMDAwMDAwMDAwMDAsInVwZGF0ZSI6MTIwMDAwMDAwMDAwMH19",
          "dependencies": [
            "module.vpc.google_compute_network.vpc"
          ]
        }
      ]
    },
    {
      "module": "module.cloud_nat[\"us-central1\"]",
      "mode": "managed",
      "type": "google_compute_router_nat",
      "name": "nat",
      "provider": "provider[\"registry.terraform.io/hashicorp/google\"]",
      "instances": [
        {
          "schema_version": 0,
          "attributes": {
            "auto_network_tier": "PREMIUM",
            "drain_nat_ips": null,
            "enable_dynamic_port_allocation": true,
            "enable_endpoint_independent_mapping": false,
            "endpoint_types": [
              "ENDPOINT_TYPE_VM"
            ],
            "icmp_idle_timeout_sec": 30,
            "id": "1097684345446/us-central1/dev-fresh-84-router-us-central1/dev-fresh-84-nat-us-central1",
            "log_config": [
              {
                "enable": true,
                "filter": "ALL"
              }
            ],
            "max_ports_per_vm": 1024,
            "min_ports_per_vm": 128,
            "name": "dev-fresh-84-nat-us-central1",
            "nat_ip_allocate_option": "AUTO_ONLY",
            "nat_ips": null,
            "project": "1097684345446",
            "region": "us-central1",
            "router": "dev-fresh-84-router-us-central1",
            "rules": [],
            "source_subnetwork_ip_ranges_to_nat": "ALL_SUBNETWORKS_ALL_IP_RANGES",
            "subnetwork": [],
            "tcp_established_idle_timeout_sec": 1200,
            "tcp_time_wait_timeout_sec": 120,
            "tcp_transitory_idle_timeout_sec": 30,
            "timeouts": null,
            "udp_idle_timeout_sec": 30
          },
          "sensitive_attributes": [],
          "private": "eyJlMmJmYjczMC1lY2FhLTExZTYtOGY4OC0zNDM2M2JjN2M0YzAiOnsiY3JlYXRlIjoxMjAwMDAwMDAwMDAwLCJkZWxldGUiOjEyMDAwMDAwMDAwMDAsInVwZGF0ZSI6MTIwMDAwMDAwMDAwMH19",
          "dependencies": [
            "module.cloud_nat.google_compute_router.router",
            "module.vpc.google_compute_network.vpc"
          ]
        }
      ]
    },
    {
      "module": "module.cloud_nat[\"us-east1\"]",
      "mode": "managed",
      "type": "google_compute_router",
      "name": "router",
      "provider": "provider[\"registry.terraform.io/hashicorp/google\"]",
      "instances": [
        {
          "schema_version": 0,
          "attributes": {
            "bgp": [
              {
                "advertise_mode": "DEFAULT",
                "advertised_groups": null,
                "advertised_ip_ranges": [],
                "asn": 64514,
                "identifier_range": "",
                "keepalive_interval": 20
              }
            ],
            "creation_timestamp": "2026-03-25T21:07:27.201-07:00",
            "description": "",
            "encrypted_interconnect_router": false,
            "id": "projects/1097684345446/regions/us-east1/routers/dev-fresh-84-router-us-east1",
            "name": "dev-fresh-84-router-us-east1",
            "network": "https://www.googleapis.com/compute/v1/projects/fresh-84/global/networks/dev-fresh-84-vpc",
            "project": "1097684345446",
            "region": "us-east1",
            "self_link": "https://www.googleapis.com/compute/v1/projects/fresh-84/regions/us-east1/routers/dev-fresh-84-router-us-east1",
            "timeouts": null
          },
          "sensitive_attributes": [],
          "private": "eyJlMmJmYjczMC1lY2FhLTExZTYtOGY4OC0zNDM2M2JjN2M0YzAiOnsiY3JlYXRlIjoxMjAwMDAwMDAwMDAwLCJkZWxldGUiOjEyMDAwMDAwMDAwMDAsInVwZGF0ZSI6MTIwMDAwMDAwMDAwMH19",
          "dependencies": [
            "module.vpc.google_compute_network.vpc"
          ]
        }
      ]
    },
    {
      "module": "module.cloud_nat[\"us-east1\"]",
      "mode": "managed",
      "type": "google_compute_router_nat",
      "name": "nat",
      "provider": "provider[\"registry.terraform.io/hashicorp/google\"]",
      "instances": [
        {
          "schema_version": 0,
          "attributes": {
            "auto_network_tier": "PREMIUM",
            "drain_nat_ips": null,
            "enable_dynamic_port_allocation": true,
            "enable_endpoint_independent_mapping": false,
            "endpoint_types": [
              "ENDPOINT_TYPE_VM"
            ],
            "icmp_idle_timeout_sec": 30,
            "id": "1097684345446/us-east1/dev-fresh-84-router-us-east1/dev-fresh-84-nat-us-east1",
            "log_config": [
              {
                "enable": true,
                "filter": "ALL"
              }
            ],
            "max_ports_per_vm": 1024,
            "min_ports_per_vm": 128,
            "name": "dev-fresh-84-nat-us-east1",
            "nat_ip_allocate_option": "AUTO_ONLY",
            "nat_ips": null,
            "project": "1097684345446",
            "region": "us-east1",
            "router": "dev-fresh-84-router-us-east1",
            "rules": [],
            "source_subnetwork_ip_ranges_to_nat": "ALL_SUBNETWORKS_ALL_IP_RANGES",
            "subnetwork": [],
            "tcp_established_idle_timeout_sec": 1200,
            "tcp_time_wait_timeout_sec": 120,
            "tcp_transitory_idle_timeout_sec": 30,
            "timeouts": null,
            "udp_idle_timeout_sec": 30
          },
          "sensitive_attributes": [],
          "private": "eyJlMmJmYjczMC1lY2FhLTExZTYtOGY4OC0zNDM2M2JjN2M0YzAiOnsiY3JlYXRlIjoxMjAwMDAwMDAwMDAwLCJkZWxldGUiOjEyMDAwMDAwMDAwMDAsInVwZGF0ZSI6MTIwMDAwMDAwMDAwMH19",
          "dependencies": [
            "module.cloud_nat.google_compute_router.router",
            "module.vpc.google_compute_network.vpc"
          ]
        }
      ]
    }
  ],
  "check_results": null
}
